
Microsoft Visual Studio Solution File, Format Version 12.00
# Visual Studio 2017
Project("{FAE04EC0-301F-11D3-BF4B-00C04F79EFBC}") = "ACAMM", "ACAMM.csproj", "{209AF4BE-6430-5669-FE3C-4D198C6C0FD6}"
EndProject
Project("{FAE04EC0-301F-11D3-BF4B-00C04F79EFBC}") = "ACAMM.Plugins", "ACAMM.Plugins.csproj", "{87205206-267A-900A-EA94-755CE8043809}"
EndProject
Project("{FAE04EC0-301F-11D3-BF4B-00C04F79EFBC}") = "ACAMM.Editor", "ACAMM.Editor.csproj", "{9C4A922C-368A-B910-C418-8A724A53AFD0}"
EndProject
Global
	GlobalSection(SolutionConfigurationPlatforms) = preSolution
		Debug|Any CPU = Debug|Any CPU
		Release|Any CPU = Release|Any CPU
	EndGlobalSection
	GlobalSection(ProjectConfigurationPlatforms) = postSolution
		{209AF4BE-6430-5669-FE3C-4D198C6C0FD6}.Debug|Any CPU.ActiveCfg = Debug|Any CPU
		{209AF4BE-6430-5669-FE3C-4D198C6C0FD6}.Debug|Any CPU.Build.0 = Debug|Any CPU
		{209AF4BE-6430-5669-FE3C-4D198C6C0FD6}.Release|Any CPU.ActiveCfg = Release|Any CPU
		{209AF4BE-6430-5669-FE3C-4D198C6C0FD6}.Release|Any CPU.Build.0 = Release|Any CPU
		{87205206-267A-900A-EA94-755CE8043809}.Debug|Any CPU.ActiveCfg = Debug|Any CPU
		{87205206-267A-900A-EA94-755CE8043809}.Debug|Any CPU.Build.0 = Debug|Any CPU
		{87205206-267A-900A-EA94-755CE8043809}.Release|Any CPU.ActiveCfg = Release|Any CPU
		{87205206-267A-900A-EA94-755CE8043809}.Release|Any CPU.Build.0 = Release|Any CPU
		{9C4A922C-368A-B910-C418-8A724A53AFD0}.Debug|Any CPU.ActiveCfg = Debug|Any CPU
		{9C4A922C-368A-B910-C418-8A724A53AFD0}.Debug|Any CPU.Build.0 = Debug|Any CPU
		{9C4A922C-368A-B910-C418-8A724A53AFD0}.Release|Any CPU.ActiveCfg = Release|Any CPU
		{9C4A922C-368A-B910-C418-8A724A53AFD0}.Release|Any CPU.Build.0 = Release|Any CPU
	EndGlobalSection
	GlobalSection(SolutionProperties) = preSolution
		HideSolutionNode = FALSE
	EndGlobalSection
EndGlobal
